
Microsoft Visual Studio Solution File, Format Version 12.00
# Visual Studio Version 17
VisualStudioVersion = 17.5.33627.172
MinimumVisualStudioVersion = 10.0.40219.1
Project("{FAE04EC0-301F-11D3-BF4B-00C04F79EFBC}") = "OOPTest", "OOPTest\OOPTest.csproj", "{23A6F61F-7BBF-4F06-803A-2E935F1E127D}"
EndProject
Global
	GlobalSection(SolutionConfigurationPlatforms) = preSolution
		Debug|Any CPU = Debug|Any CPU
		Release|Any CPU = Release|Any CPU
	EndGlobalSection
	GlobalSection(ProjectConfigurationPlatforms) = postSolution
		{23A6F61F-7BBF-4F06-803A-2E935F1E127D}.Debug|Any CPU.ActiveCfg = Debug|Any CPU
		{23A6F61F-7BBF-4F06-803A-2E935F1E127D}.Debug|Any CPU.Build.0 = Debug|Any CPU
		{23A6F61F-7BBF-4F06-803A-2E935F1E127D}.Release|Any CPU.ActiveCfg = Release|Any CPU
		{23A6F61F-7BBF-4F06-803A-2E935F1E127D}.Release|Any CPU.Build.0 = Release|Any CPU
	EndGlobalSection
	GlobalSection(SolutionProperties) = preSolution
		HideSolutionNode = FALSE
	EndGlobalSection
	GlobalSection(ExtensibilityGlobals) = postSolution
		SolutionGuid = {8583BDC6-ABAF-4DB0-B2D3-C5E34FCD83C4}
	EndGlobalSection
EndGlobal
